// !$*UTF8*$!
{
	archiveVersion = 1;
	classes = {
	};
	objectVersion = 48;
	objects = {

/* Begin PBXBuildFile section */
		501C02371FC978BA00E1DBE6 /* AppDelegate.swift in Sources */ = {isa = PBXBuildFile; fileRef = 501C02361FC978BA00E1DBE6 /* AppDelegate.swift */; };
		501C02391FC978BA00E1DBE6 /* CommentsViewController.swift in Sources */ = {isa = PBXBuildFile; fileRef = 501C02381FC978BA00E1DBE6 /* CommentsViewController.swift */; };
		501C023C1FC978BA00E1DBE6 /* Comments.storyboard in Resources */ = {isa = PBXBuildFile; fileRef = 501C023A1FC978BA00E1DBE6 /* Comments.storyboard */; };
		501C023E1FC978BA00E1DBE6 /* Assets.xcassets in Resources */ = {isa = PBXBuildFile; fileRef = 501C023D1FC978BA00E1DBE6 /* Assets.xcassets */; };
		501C02411FC978BA00E1DBE6 /* LaunchScreen.storyboard in Resources */ = {isa = PBXBuildFile; fileRef = 501C023F1FC978BA00E1DBE6 /* LaunchScreen.storyboard */; };
		501C02551FC97DCA00E1DBE6 /* CommentCell.swift in Sources */ = {isa = PBXBuildFile; fileRef = 501C02541FC97DCA00E1DBE6 /* CommentCell.swift */; };
		501C02571FC97F3F00E1DBE6 /* Comment.swift in Sources */ = {isa = PBXBuildFile; fileRef = 501C02561FC97F3F00E1DBE6 /* Comment.swift */; };
		501C025A1FC9884300E1DBE6 /* NetworkService.swift in Sources */ = {isa = PBXBuildFile; fileRef = 501C02591FC9884300E1DBE6 /* NetworkService.swift */; };
		501C025D1FC98E0A00E1DBE6 /* CommentNetworkService.swift in Sources */ = {isa = PBXBuildFile; fileRef = 501C025C1FC98E0A00E1DBE6 /* CommentNetworkService.swift */; };
		501C025F1FC9940D00E1DBE6 /* GetCommentResponse.swift in Sources */ = {isa = PBXBuildFile; fileRef = 501C025E1FC9940D00E1DBE6 /* GetCommentResponse.swift */; };
		501C02621FC9959700E1DBE6 /* NetworkError.swift in Sources */ = {isa = PBXBuildFile; fileRef = 501C02611FC9959700E1DBE6 /* NetworkError.swift */; };
/* End PBXBuildFile section */

/* Begin PBXFileReference section */
		501C02331FC978BA00E1DBE6 /* MVC-N.app */ = {isa = PBXFileReference; explicitFileType = wrapper.application; includeInIndex = 0; path = "MVC-N.app"; sourceTree = BUILT_PRODUCTS_DIR; };
		501C02361FC978BA00E1DBE6 /* AppDelegate.swift */ = {isa = PBXFileReference; lastKnownFileType = sourcecode.swift; path = AppDelegate.swift; sourceTree = "<group>"; };
		501C02381FC978BA00E1DBE6 /* CommentsViewController.swift */ = {isa = PBXFileReference; lastKnownFileType = sourcecode.swift; path = CommentsViewController.swift; sourceTree = "<group>"; };
		501C023B1FC978BA00E1DBE6 /* Base */ = {isa = PBXFileReference; lastKnownFileType = file.storyboard; name = Base; path = Base.lproj/Comments.storyboard; sourceTree = "<group>"; };
		501C023D1FC978BA00E1DBE6 /* Assets.xcassets */ = {isa = PBXFileReference; lastKnownFileType = folder.assetcatalog; path = Assets.xcassets; sourceTree = "<group>"; };
		501C02401FC978BA00E1DBE6 /* Base */ = {isa = PBXFileReference; lastKnownFileType = file.storyboard; name = Base; path = Base.lproj/LaunchScreen.storyboard; sourceTree = "<group>"; };
		501C02421FC978BA00E1DBE6 /* Info.plist */ = {isa = PBXFileReference; lastKnownFileType = text.plist.xml; path = Info.plist; sourceTree = "<group>"; };
		501C02541FC97DCA00E1DBE6 /* CommentCell.swift */ = {isa = PBXFileReference; lastKnownFileType = sourcecode.swift; path = CommentCell.swift; sourceTree = "<group>"; };
		501C02561FC97F3F00E1DBE6 /* Comment.swift */ = {isa = PBXFileReference; lastKnownFileType = sourcecode.swift; path = Comment.swift; sourceTree = "<group>"; };
		501C02591FC9884300E1DBE6 /* NetworkService.swift */ = {isa = PBXFileReference; lastKnownFileType = sourcecode.swift; path = NetworkService.swift; sourceTree = "<group>"; };
		501C025C1FC98E0A00E1DBE6 /* CommentNetworkService.swift */ = {isa = PBXFileReference; lastKnownFileType = sourcecode.swift; path = CommentNetworkService.swift; sourceTree = "<group>"; };
		501C025E1FC9940D00E1DBE6 /* GetCommentResponse.swift */ = {isa = PBXFileReference; lastKnownFileType = sourcecode.swift; path = GetCommentResponse.swift; sourceTree = "<group>"; };
		501C02611FC9959700E1DBE6 /* NetworkError.swift */ = {isa = PBXFileReference; lastKnownFileType = sourcecode.swift; path = NetworkError.swift; sourceTree = "<group>"; };
/* End PBXFileReference section */

/* Begin PBXFrameworksBuildPhase section */
		501C02301FC978BA00E1DBE6 /* Frameworks */ = {
			isa = PBXFrameworksBuildPhase;
			buildActionMask = 2147483647;
			files = (
			);
			runOnlyForDeploymentPostprocessing = 0;
		};
/* End PBXFrameworksBuildPhase section */

/* Begin PBXGroup section */
		501C022A1FC978BA00E1DBE6 = {
			isa = PBXGroup;
			children = (
				501C02351FC978BA00E1DBE6 /* MVC-N */,
				501C02341FC978BA00E1DBE6 /* Products */,
			);
			sourceTree = "<group>";
		};
		501C02341FC978BA00E1DBE6 /* Products */ = {
			isa = PBXGroup;
			children = (
				501C02331FC978BA00E1DBE6 /* MVC-N.app */,
			);
			name = Products;
			sourceTree = "<group>";
		};
		501C02351FC978BA00E1DBE6 /* MVC-N */ = {
			isa = PBXGroup;
			children = (
				501C024B1FC9792F00E1DBE6 /* Application */,
				501C02581FC9883000E1DBE6 /* NetworkService */,
				501C024F1FC979C900E1DBE6 /* Comments */,
				501C025B1FC98DE100E1DBE6 /* CommentNetworkService */,
				501C02531FC97A2A00E1DBE6 /* Supporting files */,
			);
			path = "MVC-N";
			sourceTree = "<group>";
		};
		501C02481FC978D300E1DBE6 /* Model */ = {
			isa = PBXGroup;
			children = (
				501C02611FC9959700E1DBE6 /* NetworkError.swift */,
			);
			path = Model;
			sourceTree = "<group>";
		};
		501C02491FC978EC00E1DBE6 /* View */ = {
			isa = PBXGroup;
			children = (
				501C023F1FC978BA00E1DBE6 /* LaunchScreen.storyboard */,
			);
			path = View;
			sourceTree = "<group>";
		};
		501C024A1FC978F200E1DBE6 /* Controller */ = {
			isa = PBXGroup;
			children = (
				501C02361FC978BA00E1DBE6 /* AppDelegate.swift */,
			);
			path = Controller;
			sourceTree = "<group>";
		};
		501C024B1FC9792F00E1DBE6 /* Application */ = {
			isa = PBXGroup;
			children = (
				501C02481FC978D300E1DBE6 /* Model */,
				501C02491FC978EC00E1DBE6 /* View */,
				501C024A1FC978F200E1DBE6 /* Controller */,
			);
			path = Application;
			sourceTree = "<group>";
		};
		501C024F1FC979C900E1DBE6 /* Comments */ = {
			isa = PBXGroup;
			children = (
				501C02521FC979E600E1DBE6 /* Model */,
				501C02511FC979DD00E1DBE6 /* View */,
				501C02501FC979D300E1DBE6 /* Controller */,
			);
			path = Comments;
			sourceTree = "<group>";
		};
		501C02501FC979D300E1DBE6 /* Controller */ = {
			isa = PBXGroup;
			children = (
				501C02381FC978BA00E1DBE6 /* CommentsViewController.swift */,
			);
			path = Controller;
			sourceTree = "<group>";
		};
		501C02511FC979DD00E1DBE6 /* View */ = {
			isa = PBXGroup;
			children = (
				501C023A1FC978BA00E1DBE6 /* Comments.storyboard */,
				501C02541FC97DCA00E1DBE6 /* CommentCell.swift */,
			);
			path = View;
			sourceTree = "<group>";
		};
		501C02521FC979E600E1DBE6 /* Model */ = {
			isa = PBXGroup;
			children = (
				501C02601FC994E200E1DBE6 /* Responses */,
				501C02561FC97F3F00E1DBE6 /* Comment.swift */,
			);
			path = Model;
			sourceTree = "<group>";
		};
		501C02531FC97A2A00E1DBE6 /* Supporting files */ = {
			isa = PBXGroup;
			children = (
				501C023D1FC978BA00E1DBE6 /* Assets.xcassets */,
				501C02421FC978BA00E1DBE6 /* Info.plist */,
			);
			path = "Supporting files";
			sourceTree = "<group>";
		};
		501C02581FC9883000E1DBE6 /* NetworkService */ = {
			isa = PBXGroup;
			children = (
				501C02591FC9884300E1DBE6 /* NetworkService.swift */,
			);
			path = NetworkService;
			sourceTree = "<group>";
		};
		501C025B1FC98DE100E1DBE6 /* CommentNetworkService */ = {
			isa = PBXGroup;
			children = (
				501C025C1FC98E0A00E1DBE6 /* CommentNetworkService.swift */,
			);
			path = CommentNetworkService;
			sourceTree = "<group>";
		};
		501C02601FC994E200E1DBE6 /* Responses */ = {
			isa = PBXGroup;
			children = (
				501C025E1FC9940D00E1DBE6 /* GetCommentResponse.swift */,
			);
			path = Responses;
			sourceTree = "<group>";
		};
/* End PBXGroup section */

/* Begin PBXNativeTarget section */
		501C02321FC978BA00E1DBE6 /* MVC-N */ = {
			isa = PBXNativeTarget;
			buildConfigurationList = 501C02451FC978BA00E1DBE6 /* Build configuration list for PBXNativeTarget "MVC-N" */;
			buildPhases = (
				501C022F1FC978BA00E1DBE6 /* Sources */,
				501C02301FC978BA00E1DBE6 /* Frameworks */,
				501C02311FC978BA00E1DBE6 /* Resources */,
			);
			buildRules = (
			);
			dependencies = (
			);
			name = "MVC-N";
			productName = "MVC-N";
			productReference = 501C02331FC978BA00E1DBE6 /* MVC-N.app */;
			productType = "com.apple.product-type.application";
		};
/* End PBXNativeTarget section */

/* Begin PBXProject section */
		501C022B1FC978BA00E1DBE6 /* Project object */ = {
			isa = PBXProject;
			attributes = {
				LastSwiftUpdateCheck = 0910;
				LastUpgradeCheck = 0910;
				ORGANIZATIONNAME = "Maxim Dvortsov";
				TargetAttributes = {
					501C02321FC978BA00E1DBE6 = {
						CreatedOnToolsVersion = 9.1;
						ProvisioningStyle = Automatic;
					};
				};
			};
			buildConfigurationList = 501C022E1FC978BA00E1DBE6 /* Build configuration list for PBXProject "MVC-N" */;
			compatibilityVersion = "Xcode 8.0";
			developmentRegion = en;
			hasScannedForEncodings = 0;
			knownRegions = (
				en,
				Base,
			);
			mainGroup = 501C022A1FC978BA00E1DBE6;
			productRefGroup = 501C02341FC978BA00E1DBE6 /* Products */;
			projectDirPath = "";
			projectRoot = "";
			targets = (
				501C02321FC978BA00E1DBE6 /* MVC-N */,
			);
		};
/* End PBXProject section */

/* Begin PBXResourcesBuildPhase section */
		501C02311FC978BA00E1DBE6 /* Resources */ = {
			isa = PBXResourcesBuildPhase;
			buildActionMask = 2147483647;
			files = (
				501C02411FC978BA00E1DBE6 /* LaunchScreen.storyboard in Resources */,
				501C023E1FC978BA00E1DBE6 /* Assets.xcassets in Resources */,
				501C023C1FC978BA00E1DBE6 /* Comments.storyboard in Resources */,
			);
			runOnlyForDeploymentPostprocessing = 0;
		};
/* End PBXResourcesBuildPhase section */

/* Begin PBXSourcesBuildPhase section */
		501C022F1FC978BA00E1DBE6 /* Sources */ = {
			isa = PBXSourcesBuildPhase;
			buildActionMask = 2147483647;
			files = (
				501C025A1FC9884300E1DBE6 /* NetworkService.swift in Sources */,
				501C02621FC9959700E1DBE6 /* NetworkError.swift in Sources */,
				501C02391FC978BA00E1DBE6 /* CommentsViewController.swift in Sources */,
				501C02371FC978BA00E1DBE6 /* AppDelegate.swift in Sources */,
				501C025F1FC9940D00E1DBE6 /* GetCommentResponse.swift in Sources */,
				501C02551FC97DCA00E1DBE6 /* CommentCell.swift in Sources */,
				501C025D1FC98E0A00E1DBE6 /* CommentNetworkService.swift in Sources */,
				501C02571FC97F3F00E1DBE6 /* Comment.swift in Sources */,
			);
			runOnlyForDeploymentPostprocessing = 0;
		};
/* End PBXSourcesBuildPhase section */

/* Begin PBXVariantGroup section */
		501C023A1FC978BA00E1DBE6 /* Comments.storyboard */ = {
			isa = PBXVariantGroup;
			children = (
				501C023B1FC978BA00E1DBE6 /* Base */,
			);
			name = Comments.storyboard;
			sourceTree = "<group>";
		};
		501C023F1FC978BA00E1DBE6 /* LaunchScreen.storyboard */ = {
			isa = PBXVariantGroup;
			children = (
				501C02401FC978BA00E1DBE6 /* Base */,
			);
			name = LaunchScreen.storyboard;
			sourceTree = "<group>";
		};
/* End PBXVariantGroup section */

/* Begin XCBuildConfiguration section */
		501C02431FC978BA00E1DBE6 /* Debug */ = {
			isa = XCBuildConfiguration;
			buildSettings = {
				ALWAYS_SEARCH_USER_PATHS = NO;
				CLANG_ANALYZER_NONNULL = YES;
				CLANG_ANALYZER_NUMBER_OBJECT_CONVERSION = YES_AGGRESSIVE;
				CLANG_CXX_LANGUAGE_STANDARD = "gnu++14";
				CLANG_CXX_LIBRARY = "libc++";
				CLANG_ENABLE_MODULES = YES;
				CLANG_ENABLE_OBJC_ARC = YES;
				CLANG_WARN_BLOCK_CAPTURE_AUTORELEASING = YES;
				CLANG_WARN_BOOL_CONVERSION = YES;
				CLANG_WARN_COMMA = YES;
				CLANG_WARN_CONSTANT_CONVERSION = YES;
				CLANG_WARN_DIRECT_OBJC_ISA_USAGE = YES_ERROR;
				CLANG_WARN_DOCUMENTATION_COMMENTS = YES;
				CLANG_WARN_EMPTY_BODY = YES;
				CLANG_WARN_ENUM_CONVERSION = YES;
				CLANG_WARN_INFINITE_RECURSION = YES;
				CLANG_WARN_INT_CONVERSION = YES;
				CLANG_WARN_NON_LITERAL_NULL_CONVERSION = YES;
				CLANG_WARN_OBJC_LITERAL_CONVERSION = YES;
				CLANG_WARN_OBJC_ROOT_CLASS = YES_ERROR;
				CLANG_WARN_RANGE_LOOP_ANALYSIS = YES;
				CLANG_WARN_STRICT_PROTOTYPES = YES;
				CLANG_WARN_SUSPICIOUS_MOVE = YES;
				CLANG_WARN_UNGUARDED_AVAILABILITY = YES_AGGRESSIVE;
				CLANG_WARN_UNREACHABLE_CODE = YES;
				CLANG_WARN__DUPLICATE_METHOD_MATCH = YES;
				CODE_SIGN_IDENTITY = "iPhone Developer";
				COPY_PHASE_STRIP = NO;
				DEBUG_INFORMATION_FORMAT = dwarf;
				ENABLE_STRICT_OBJC_MSGSEND = YES;
				ENABLE_TESTABILITY = YES;
				GCC_C_LANGUAGE_STANDARD = gnu11;
				GCC_DYNAMIC_NO_PIC = NO;
				GCC_NO_COMMON_BLOCKS = YES;
				GCC_OPTIMIZATION_LEVEL = 0;
				GCC_PREPROCESSOR_DEFINITIONS = (
					"DEBUG=1",
					"$(inherited)",
				);
				GCC_WARN_64_TO_32_BIT_CONVERSION = YES;
				GCC_WARN_ABOUT_RETURN_TYPE = YES_ERROR;
				GCC_WARN_UNDECLARED_SELECTOR = YES;
				GCC_WARN_UNINITIALIZED_AUTOS = YES_AGGRESSIVE;
				GCC_WARN_UNUSED_FUNCTION = YES;
				GCC_WARN_UNUSED_VARIABLE = YES;
				IPHONEOS_DEPLOYMENT_TARGET = 11.1;
				MTL_ENABLE_DEBUG_INFO = YES;
				ONLY_ACTIVE_ARCH = YES;
				SDKROOT = iphoneos;
				SWIFT_ACTIVE_COMPILATION_CONDITIONS = DEBUG;
				SWIFT_OPTIMIZATION_LEVEL = "-Onone";
			};
			name = Debug;
		};
		501C02441FC978BA00E1DBE6 /* Release */ = {
			isa = XCBuildConfiguration;
			buildSettings = {
				ALWAYS_SEARCH_USER_PATHS = NO;
				CLANG_ANALYZER_NONNULL = YES;
				CLANG_ANALYZER_NUMBER_OBJECT_CONVERSION = YES_AGGRESSIVE;
				CLANG_CXX_LANGUAGE_STANDARD = "gnu++14";
				CLANG_CXX_LIBRARY = "libc++";
				CLANG_ENABLE_MODULES = YES;
				CLANG_ENABLE_OBJC_ARC = YES;
				CLANG_WARN_BLOCK_CAPTURE_AUTORELEASING = YES;
				CLANG_WARN_BOOL_CONVERSION = YES;
				CLANG_WARN_COMMA = YES;
				CLANG_WARN_CONSTANT_CONVERSION = YES;
				CLANG_WARN_DIRECT_OBJC_ISA_USAGE = YES_ERROR;
				CLANG_WARN_DOCUMENTATION_COMMENTS = YES;
				CLANG_WARN_EMPTY_BODY = YES;
				CLANG_WARN_ENUM_CONVERSION = YES;
				CLANG_WARN_INFINITE_RECURSION = YES;
				CLANG_WARN_INT_CONVERSION = YES;
				CLANG_WARN_NON_LITERAL_NULL_CONVERSION = YES;
				CLANG_WARN_OBJC_LITERAL_CONVERSION = YES;
				CLANG_WARN_OBJC_ROOT_CLASS = YES_ERROR;
				CLANG_WARN_RANGE_LOOP_ANALYSIS = YES;
				CLANG_WARN_STRICT_PROTOTYPES = YES;
				CLANG_WARN_SUSPICIOUS_MOVE = YES;
				CLANG_WARN_UNGUARDED_AVAILABILITY = YES_AGGRESSIVE;
				CLANG_WARN_UNREACHABLE_CODE = YES;
				CLANG_WARN__DUPLICATE_METHOD_MATCH = YES;
				CODE_SIGN_IDENTITY = "iPhone Developer";
				COPY_PHASE_STRIP = NO;
				DEBUG_INFORMATION_FORMAT = "dwarf-with-dsym";
				ENABLE_NS_ASSERTIONS = NO;
				ENABLE_STRICT_OBJC_MSGSEND = YES;
				GCC_C_LANGUAGE_STANDARD = gnu11;
				GCC_NO_COMMON_BLOCKS = YES;
				GCC_WARN_64_TO_32_BIT_CONVERSION = YES;
				GCC_WARN_ABOUT_RETURN_TYPE = YES_ERROR;
				GCC_WARN_UNDECLARED_SELECTOR = YES;
				GCC_WARN_UNINITIALIZED_AUTOS = YES_AGGRESSIVE;
				GCC_WARN_UNUSED_FUNCTION = YES;
				GCC_WARN_UNUSED_VARIABLE = YES;
				IPHONEOS_DEPLOYMENT_TARGET = 11.1;
				MTL_ENABLE_DEBUG_INFO = NO;
				SDKROOT = iphoneos;
				SWIFT_OPTIMIZATION_LEVEL = "-Owholemodule";
				VALIDATE_PRODUCT = YES;
			};
			name = Release;
		};
		501C02461FC978BA00E1DBE6 /* Debug */ = {
			isa = XCBuildConfiguration;
			buildSettings = {
				ASSETCATALOG_COMPILER_APPICON_NAME = AppIcon;
				CODE_SIGN_STYLE = Automatic;
				DEVELOPMENT_TEAM = LX5R2NNT4C;
				INFOPLIST_FILE = "$(SRCROOT)/MVC-N/Supporting files/Info.plist";
				LD_RUNPATH_SEARCH_PATHS = "$(inherited) @executable_path/Frameworks";
				PRODUCT_BUNDLE_IDENTIFIER = "max.MVC-N";
				PRODUCT_NAME = "$(TARGET_NAME)";
				SWIFT_VERSION = 4.0;
				TARGETED_DEVICE_FAMILY = "1,2";
			};
			name = Debug;
		};
		501C02471FC978BA00E1DBE6 /* Release */ = {
			isa = XCBuildConfiguration;
			buildSettings = {
				ASSETCATALOG_COMPILER_APPICON_NAME = AppIcon;
				CODE_SIGN_STYLE = Automatic;
				DEVELOPMENT_TEAM = LX5R2NNT4C;
				INFOPLIST_FILE = "$(SRCROOT)/MVC-N/Supporting files/Info.plist";
				LD_RUNPATH_SEARCH_PATHS = "$(inherited) @executable_path/Frameworks";
				PRODUCT_BUNDLE_IDENTIFIER = "max.MVC-N";
				PRODUCT_NAME = "$(TARGET_NAME)";
				SWIFT_VERSION = 4.0;
				TARGETED_DEVICE_FAMILY = "1,2";
			};
			name = Release;
		};
/* End XCBuildConfiguration section */

/* Begin XCConfigurationList section */
		501C022E1FC978BA00E1DBE6 /* Build configuration list for PBXProject "MVC-N" */ = {
			isa = XCConfigurationList;
			buildConfigurations = (
				501C02431FC978BA00E1DBE6 /* Debug */,
				501C02441FC978BA00E1DBE6 /* Release */,
			);
			defaultConfigurationIsVisible = 0;
			defaultConfigurationName = Release;
		};
		501C02451FC978BA00E1DBE6 /* Build configuration list for PBXNativeTarget "MVC-N" */ = {
			isa = XCConfigurationList;
			buildConfigurations = (
				501C02461FC978BA00E1DBE6 /* Debug */,
				501C02471FC978BA00E1DBE6 /* Release */,
			);
			defaultConfigurationIsVisible = 0;
			defaultConfigurationName = Release;
		};
/* End XCConfigurationList section */
	};
	rootObject = 501C022B1FC978BA00E1DBE6 /* Project object */;
}
